
Microsoft Visual Studio Solution File, Format Version 12.00
# Visual Studio Version 17
VisualStudioVersion = 17.0.31903.59
MinimumVisualStudioVersion = 10.0.40219.1
Project("{FAE04EC0-301F-11D3-BF4B-00C04F79EFBC}") = "PythonParser.Grammar", "PythonParser.Grammar\PythonParser.Grammar.csproj", "{03781C75-75EE-4E8B-AE28-FB32F6134D0D}"
EndProject
Project("{F2A71F9B-5D33-465A-A702-920D77279786}") = "PythonParser", "PythonParser\PythonParser.fsproj", "{5D603F75-DDCE-416C-8C2F-51A8D335B383}"
EndProject
Global
	GlobalSection(SolutionConfigurationPlatforms) = preSolution
		Debug|Any CPU = Debug|Any CPU
		Release|Any CPU = Release|Any CPU
	EndGlobalSection
	GlobalSection(SolutionProperties) = preSolution
		HideSolutionNode = FALSE
	EndGlobalSection
	GlobalSection(ProjectConfigurationPlatforms) = postSolution
		{03781C75-75EE-4E8B-AE28-FB32F6134D0D}.Debug|Any CPU.ActiveCfg = Debug|Any CPU
		{03781C75-75EE-4E8B-AE28-FB32F6134D0D}.Debug|Any CPU.Build.0 = Debug|Any CPU
		{03781C75-75EE-4E8B-AE28-FB32F6134D0D}.Release|Any CPU.ActiveCfg = Release|Any CPU
		{03781C75-75EE-4E8B-AE28-FB32F6134D0D}.Release|Any CPU.Build.0 = Release|Any CPU
		{5D603F75-DDCE-416C-8C2F-51A8D335B383}.Debug|Any CPU.ActiveCfg = Debug|Any CPU
		{5D603F75-DDCE-416C-8C2F-51A8D335B383}.Debug|Any CPU.Build.0 = Debug|Any CPU
		{5D603F75-DDCE-416C-8C2F-51A8D335B383}.Release|Any CPU.ActiveCfg = Release|Any CPU
		{5D603F75-DDCE-416C-8C2F-51A8D335B383}.Release|Any CPU.Build.0 = Release|Any CPU
	EndGlobalSection
EndGlobal
